{
  "lockfileVersion": 1,
  "workspaces": {
    "": {
      "name": "webcanvas",
      "dependencies": {
        "three": "^0.176.0",
      },
      "devDependencies": {
        "@types/bun": "latest",
        "pnpm": "^10.10.0",
      },
      "peerDependencies": {
        "typescript": "^5",
      },
    },
  },
  "packages": {
    "@types/bun": ["@types/bun@1.2.12", "", { "dependencies": { "bun-types": "1.2.12" } }, "sha512-lY/GQTXDGsolT/TiH72p1tuyUORuRrdV7VwOTOjDOt8uTBJQOJc5zz3ufwwDl0VBaoxotSk4LdP0hhjLJ6ypIQ=="],

    "@types/node": ["@types/node@22.15.11", "", { "dependencies": { "undici-types": "~6.21.0" } }, "sha512-rlyK0vuU7VLEYQfXuC7QTFxDvkb6tKhDI7wR4r6ZzM0k8BJd44W0jxo6xmUjqSs4AlYmiYfLJU2f0pAG/FtCRw=="],

    "bun-types": ["bun-types@1.2.12", "", { "dependencies": { "@types/node": "*" } }, "sha512-tvWMx5vPqbRXgE8WUZI94iS1xAYs8bkqESR9cxBB1Wi+urvfTrF1uzuDgBHFAdO0+d2lmsbG3HmeKMvUyj6pWA=="],

    "pnpm": ["pnpm@10.10.0", "", { "bin": { "pnpm": "bin/pnpm.cjs", "pnpx": "bin/pnpx.cjs" } }, "sha512-1hXbJG/nDyXc/qbY1z3ueCziPiJF48T2+Igkn7VoFJMYY33Kc8LFyO8qTKDVZX+5VnGIv6tH9WbR7mzph4FcOQ=="],

    "three": ["three@0.176.0", "", {}, "sha512-PWRKYWQo23ojf9oZSlRGH8K09q7nRSWx6LY/HF/UUrMdYgN9i1e2OwJYHoQjwc6HF/4lvvYLC5YC1X8UJL2ZpA=="],

    "typescript": ["typescript@5.8.3", "", { "bin": { "tsc": "bin/tsc", "tsserver": "bin/tsserver" } }, "sha512-p1diW6TqL9L07nNxvRMM7hMMw4c5XOo/1ibL4aAIGmSAt9slTE1Xgw5KWuof2uTOvCg9BY7ZRi+GaF+7sfgPeQ=="],

    "undici-types": ["undici-types@6.21.0", "", {}, "sha512-iwDZqg0QAGrg9Rav5H4n0M64c3mkR59cJ6wQp+7C4nI0gsmExaedaYLNO44eT4AtBBwjbTiGPMlt2Md0T9H9JQ=="],
  }
}
